
Microsoft Visual Studio Solution File, Format Version 12.00
# Visual Studio Version 17
VisualStudioVersion = 17.0.31912.275
MinimumVisualStudioVersion = 10.0.40219.1
Project("{FAE04EC0-301F-11D3-BF4B-00C04F79EFBC}") = "ProjetoCore.API", "ProjetoCore.API\ProjetoCore.API.csproj", "{B44A7DDD-F1D4-4F1E-932D-C3969F5E805F}"
EndProject
Project("{FAE04EC0-301F-11D3-BF4B-00C04F79EFBC}") = "Dominio", "Dominio\Dominio.csproj", "{CCD2CD94-00B1-46A1-9437-7910EB0170DF}"
EndProject
Project("{FAE04EC0-301F-11D3-BF4B-00C04F79EFBC}") = "Infra", "Infra\Infra.csproj", "{ACFD19CF-25CC-4CC4-8AED-DE598776127E}"
EndProject
Global
	GlobalSection(SolutionConfigurationPlatforms) = preSolution
		Debug|Any CPU = Debug|Any CPU
		Release|Any CPU = Release|Any CPU
	EndGlobalSection
	GlobalSection(ProjectConfigurationPlatforms) = postSolution
		{B44A7DDD-F1D4-4F1E-932D-C3969F5E805F}.Debug|Any CPU.ActiveCfg = Debug|Any CPU
		{B44A7DDD-F1D4-4F1E-932D-C3969F5E805F}.Debug|Any CPU.Build.0 = Debug|Any CPU
		{B44A7DDD-F1D4-4F1E-932D-C3969F5E805F}.Release|Any CPU.ActiveCfg = Release|Any CPU
		{B44A7DDD-F1D4-4F1E-932D-C3969F5E805F}.Release|Any CPU.Build.0 = Release|Any CPU
		{CCD2CD94-00B1-46A1-9437-7910EB0170DF}.Debug|Any CPU.ActiveCfg = Debug|Any CPU
		{CCD2CD94-00B1-46A1-9437-7910EB0170DF}.Debug|Any CPU.Build.0 = Debug|Any CPU
		{CCD2CD94-00B1-46A1-9437-7910EB0170DF}.Release|Any CPU.ActiveCfg = Release|Any CPU
		{CCD2CD94-00B1-46A1-9437-7910EB0170DF}.Release|Any CPU.Build.0 = Release|Any CPU
		{ACFD19CF-25CC-4CC4-8AED-DE598776127E}.Debug|Any CPU.ActiveCfg = Debug|Any CPU
		{ACFD19CF-25CC-4CC4-8AED-DE598776127E}.Debug|Any CPU.Build.0 = Debug|Any CPU
		{ACFD19CF-25CC-4CC4-8AED-DE598776127E}.Release|Any CPU.ActiveCfg = Release|Any CPU
		{ACFD19CF-25CC-4CC4-8AED-DE598776127E}.Release|Any CPU.Build.0 = Release|Any CPU
	EndGlobalSection
	GlobalSection(SolutionProperties) = preSolution
		HideSolutionNode = FALSE
	EndGlobalSection
	GlobalSection(ExtensibilityGlobals) = postSolution
		SolutionGuid = {2B7783D9-7418-4D31-86D3-2EAD27E157F2}
	EndGlobalSection
EndGlobal
